# THIS IS AN AUTOGENERATED FILE. DO NOT EDIT THIS FILE DIRECTLY.
# yarn lockfile v1


nodemailer@^6.4.17:
  version "6.4.17"
  resolved "https://registry.yarnpkg.com/nodemailer/-/nodemailer-6.4.17.tgz#8de98618028953b80680775770f937243a7d7877"
  integrity sha512-89ps+SBGpo0D4Bi5ZrxcrCiRFaMmkCt+gItMXQGzEtZVR3uAD3QAQIDoxTWnx3ky0Dwwy/dhFrQ+6NNGXpw/qQ==
